// !$*UTF8*$!
{
	archiveVersion = 1;
	classes = {
	};
	objectVersion = 48;
	objects = {

/* Begin PBXBuildFile section */
		41B4E6CDA25728D7FD2C5896 /* libPods-WeatherApp.a in Frameworks */ = {isa = PBXBuildFile; fileRef = 223CF43AE4A6C729E5E9B77B /* libPods-WeatherApp.a */; };
		4CD7FF9E5834847C06EB05CD /* libPods-WeatherAppUITests.a in Frameworks */ = {isa = PBXBuildFile; fileRef = 7A3BB65B937A7973267D309C /* libPods-WeatherAppUITests.a */; };
		D76118D9202F36C700345462 /* AppCoordinator.m in Sources */ = {isa = PBXBuildFile; fileRef = D76118D8202F36C700345462 /* AppCoordinator.m */; };
		D76118DC202F36F900345462 /* WeatherCoordinator.m in Sources */ = {isa = PBXBuildFile; fileRef = D76118DB202F36F900345462 /* WeatherCoordinator.m */; };
		D76118E3202FDD6500345462 /* WeatherTableViewCell.m in Sources */ = {isa = PBXBuildFile; fileRef = D76118E2202FDD6500345462 /* WeatherTableViewCell.m */; };
		D76118E72030767E00345462 /* ImageDownloader.m in Sources */ = {isa = PBXBuildFile; fileRef = D76118E62030767E00345462 /* ImageDownloader.m */; };
		D7FE24EE202EDBC400E337A6 /* AppDelegate.m in Sources */ = {isa = PBXBuildFile; fileRef = D7FE24ED202EDBC300E337A6 /* AppDelegate.m */; };
		D7FE24F1202EDBC400E337A6 /* WeatherViewController.m in Sources */ = {isa = PBXBuildFile; fileRef = D7FE24F0202EDBC400E337A6 /* WeatherViewController.m */; };
		D7FE24F4202EDBC400E337A6 /* Main.storyboard in Resources */ = {isa = PBXBuildFile; fileRef = D7FE24F2202EDBC400E337A6 /* Main.storyboard */; };
		D7FE24F6202EDBC400E337A6 /* Assets.xcassets in Resources */ = {isa = PBXBuildFile; fileRef = D7FE24F5202EDBC400E337A6 /* Assets.xcassets */; };
		D7FE24F9202EDBC400E337A6 /* LaunchScreen.storyboard in Resources */ = {isa = PBXBuildFile; fileRef = D7FE24F7202EDBC400E337A6 /* LaunchScreen.storyboard */; };
		D7FE24FC202EDBC400E337A6 /* main.m in Sources */ = {isa = PBXBuildFile; fileRef = D7FE24FB202EDBC400E337A6 /* main.m */; };
		D7FE2506202EDBC400E337A6 /* WeatherAppTests.m in Sources */ = {isa = PBXBuildFile; fileRef = D7FE2505202EDBC400E337A6 /* WeatherAppTests.m */; };
		D7FE2511202EDBC400E337A6 /* WeatherAppUITests.m in Sources */ = {isa = PBXBuildFile; fileRef = D7FE2510202EDBC400E337A6 /* WeatherAppUITests.m */; };
		D7FE2526202EDE5E00E337A6 /* WeatherModel.m in Sources */ = {isa = PBXBuildFile; fileRef = D7FE2525202EDE5E00E337A6 /* WeatherModel.m */; };
		D7FE252A202F299D00E337A6 /* APIProcessor.m in Sources */ = {isa = PBXBuildFile; fileRef = D7FE2529202F299D00E337A6 /* APIProcessor.m */; };
		EAE59BC1BD73A489FFE228FA /* libPods-WeatherAppTests.a in Frameworks */ = {isa = PBXBuildFile; fileRef = 50318345D149367B5ADF2BCF /* libPods-WeatherAppTests.a */; };
/* End PBXBuildFile section */

/* Begin PBXContainerItemProxy section */
		D7FE2502202EDBC400E337A6 /* PBXContainerItemProxy */ = {
			isa = PBXContainerItemProxy;
			containerPortal = D7FE24E1202EDBC300E337A6 /* Project object */;
			proxyType = 1;
			remoteGlobalIDString = D7FE24E8202EDBC300E337A6;
			remoteInfo = WeatherApp;
		};
		D7FE250D202EDBC400E337A6 /* PBXContainerItemProxy */ = {
			isa = PBXContainerItemProxy;
			containerPortal = D7FE24E1202EDBC300E337A6 /* Project object */;
			proxyType = 1;
			remoteGlobalIDString = D7FE24E8202EDBC300E337A6;
			remoteInfo = WeatherApp;
		};
/* End PBXContainerItemProxy section */

/* Begin PBXFileReference section */
		0CA4E10B854E8F7D15765DDE /* Pods-WeatherApp.debug.xcconfig */ = {isa = PBXFileReference; includeInIndex = 1; lastKnownFileType = text.xcconfig; name = "Pods-WeatherApp.debug.xcconfig"; path = "Pods/Target Support Files/Pods-WeatherApp/Pods-WeatherApp.debug.xcconfig"; sourceTree = "<group>"; };
		223CF43AE4A6C729E5E9B77B /* libPods-WeatherApp.a */ = {isa = PBXFileReference; explicitFileType = archive.ar; includeInIndex = 0; path = "libPods-WeatherApp.a"; sourceTree = BUILT_PRODUCTS_DIR; };
		4EE72E3933B8B53566D5D585 /* Pods-WeatherApp.release.xcconfig */ = {isa = PBXFileReference; includeInIndex = 1; lastKnownFileType = text.xcconfig; name = "Pods-WeatherApp.release.xcconfig"; path = "Pods/Target Support Files/Pods-WeatherApp/Pods-WeatherApp.release.xcconfig"; sourceTree = "<group>"; };
		50318345D149367B5ADF2BCF /* libPods-WeatherAppTests.a */ = {isa = PBXFileReference; explicitFileType = archive.ar; includeInIndex = 0; path = "libPods-WeatherAppTests.a"; sourceTree = BUILT_PRODUCTS_DIR; };
		618079E24BA874D5BE682A0A /* Pods-WeatherAppUITests.release.xcconfig */ = {isa = PBXFileReference; includeInIndex = 1; lastKnownFileType = text.xcconfig; name = "Pods-WeatherAppUITests.release.xcconfig"; path = "Pods/Target Support Files/Pods-WeatherAppUITests/Pods-WeatherAppUITests.release.xcconfig"; sourceTree = "<group>"; };
		6710B5541D59E9D29A342CCC /* Pods-WeatherAppUITests.debug.xcconfig */ = {isa = PBXFileReference; includeInIndex = 1; lastKnownFileType = text.xcconfig; name = "Pods-WeatherAppUITests.debug.xcconfig"; path = "Pods/Target Support Files/Pods-WeatherAppUITests/Pods-WeatherAppUITests.debug.xcconfig"; sourceTree = "<group>"; };
		733BCE33F5445A04CAD1739B /* Pods-WeatherAppTests.release.xcconfig */ = {isa = PBXFileReference; includeInIndex = 1; lastKnownFileType = text.xcconfig; name = "Pods-WeatherAppTests.release.xcconfig"; path = "Pods/Target Support Files/Pods-WeatherAppTests/Pods-WeatherAppTests.release.xcconfig"; sourceTree = "<group>"; };
		7A3BB65B937A7973267D309C /* libPods-WeatherAppUITests.a */ = {isa = PBXFileReference; explicitFileType = archive.ar; includeInIndex = 0; path = "libPods-WeatherAppUITests.a"; sourceTree = BUILT_PRODUCTS_DIR; };
		D76118D7202F36C700345462 /* AppCoordinator.h */ = {isa = PBXFileReference; lastKnownFileType = sourcecode.c.h; path = AppCoordinator.h; sourceTree = "<group>"; };
		D76118D8202F36C700345462 /* AppCoordinator.m */ = {isa = PBXFileReference; lastKnownFileType = sourcecode.c.objc; path = AppCoordinator.m; sourceTree = "<group>"; };
		D76118DA202F36F900345462 /* WeatherCoordinator.h */ = {isa = PBXFileReference; lastKnownFileType = sourcecode.c.h; path = WeatherCoordinator.h; sourceTree = "<group>"; };
		D76118DB202F36F900345462 /* WeatherCoordinator.m */ = {isa = PBXFileReference; lastKnownFileType = sourcecode.c.objc; path = WeatherCoordinator.m; sourceTree = "<group>"; };
		D76118E1202FDD6500345462 /* WeatherTableViewCell.h */ = {isa = PBXFileReference; lastKnownFileType = sourcecode.c.h; path = WeatherTableViewCell.h; sourceTree = "<group>"; };
		D76118E2202FDD6500345462 /* WeatherTableViewCell.m */ = {isa = PBXFileReference; lastKnownFileType = sourcecode.c.objc; path = WeatherTableViewCell.m; sourceTree = "<group>"; };
		D76118E52030767E00345462 /* ImageDownloader.h */ = {isa = PBXFileReference; lastKnownFileType = sourcecode.c.h; path = ImageDownloader.h; sourceTree = "<group>"; };
		D76118E62030767E00345462 /* ImageDownloader.m */ = {isa = PBXFileReference; lastKnownFileType = sourcecode.c.objc; path = ImageDownloader.m; sourceTree = "<group>"; };
		D7FE24E9202EDBC300E337A6 /* WeatherApp.app */ = {isa = PBXFileReference; explicitFileType = wrapper.application; includeInIndex = 0; path = WeatherApp.app; sourceTree = BUILT_PRODUCTS_DIR; };
		D7FE24EC202EDBC300E337A6 /* AppDelegate.h */ = {isa = PBXFileReference; lastKnownFileType = sourcecode.c.h; path = AppDelegate.h; sourceTree = "<group>"; };
		D7FE24ED202EDBC300E337A6 /* AppDelegate.m */ = {isa = PBXFileReference; lastKnownFileType = sourcecode.c.objc; path = AppDelegate.m; sourceTree = "<group>"; };
		D7FE24EF202EDBC400E337A6 /* WeatherViewController.h */ = {isa = PBXFileReference; lastKnownFileType = sourcecode.c.h; path = WeatherViewController.h; sourceTree = "<group>"; };
		D7FE24F0202EDBC400E337A6 /* WeatherViewController.m */ = {isa = PBXFileReference; lastKnownFileType = sourcecode.c.objc; path = WeatherViewController.m; sourceTree = "<group>"; };
		D7FE24F3202EDBC400E337A6 /* Base */ = {isa = PBXFileReference; lastKnownFileType = file.storyboard; name = Base; path = Base.lproj/Main.storyboard; sourceTree = "<group>"; };
		D7FE24F5202EDBC400E337A6 /* Assets.xcassets */ = {isa = PBXFileReference; lastKnownFileType = folder.assetcatalog; path = Assets.xcassets; sourceTree = "<group>"; };
		D7FE24F8202EDBC400E337A6 /* Base */ = {isa = PBXFileReference; lastKnownFileType = file.storyboard; name = Base; path = Base.lproj/LaunchScreen.storyboard; sourceTree = "<group>"; };
		D7FE24FA202EDBC400E337A6 /* Info.plist */ = {isa = PBXFileReference; lastKnownFileType = text.plist.xml; path = Info.plist; sourceTree = "<group>"; };
		D7FE24FB202EDBC400E337A6 /* main.m */ = {isa = PBXFileReference; lastKnownFileType = sourcecode.c.objc; path = main.m; sourceTree = "<group>"; };
		D7FE2501202EDBC400E337A6 /* WeatherAppTests.xctest */ = {isa = PBXFileReference; explicitFileType = wrapper.cfbundle; includeInIndex = 0; path = WeatherAppTests.xctest; sourceTree = BUILT_PRODUCTS_DIR; };
		D7FE2505202EDBC400E337A6 /* WeatherAppTests.m */ = {isa = PBXFileReference; lastKnownFileType = sourcecode.c.objc; path = WeatherAppTests.m; sourceTree = "<group>"; };
		D7FE2507202EDBC400E337A6 /* Info.plist */ = {isa = PBXFileReference; lastKnownFileType = text.plist.xml; path = Info.plist; sourceTree = "<group>"; };
		D7FE250C202EDBC400E337A6 /* WeatherAppUITests.xctest */ = {isa = PBXFileReference; explicitFileType = wrapper.cfbundle; includeInIndex = 0; path = WeatherAppUITests.xctest; sourceTree = BUILT_PRODUCTS_DIR; };
		D7FE2510202EDBC400E337A6 /* WeatherAppUITests.m */ = {isa = PBXFileReference; lastKnownFileType = sourcecode.c.objc; path = WeatherAppUITests.m; sourceTree = "<group>"; };
		D7FE2512202EDBC400E337A6 /* Info.plist */ = {isa = PBXFileReference; lastKnownFileType = text.plist.xml; path = Info.plist; sourceTree = "<group>"; };
		D7FE2524202EDE5E00E337A6 /* WeatherModel.h */ = {isa = PBXFileReference; lastKnownFileType = sourcecode.c.h; path = WeatherModel.h; sourceTree = "<group>"; };
		D7FE2525202EDE5E00E337A6 /* WeatherModel.m */ = {isa = PBXFileReference; lastKnownFileType = sourcecode.c.objc; path = WeatherModel.m; sourceTree = "<group>"; };
		D7FE2528202F299D00E337A6 /* APIProcessor.h */ = {isa = PBXFileReference; lastKnownFileType = sourcecode.c.h; path = APIProcessor.h; sourceTree = "<group>"; };
		D7FE2529202F299D00E337A6 /* APIProcessor.m */ = {isa = PBXFileReference; lastKnownFileType = sourcecode.c.objc; path = APIProcessor.m; sourceTree = "<group>"; };
		F404BBC23FAA82641CCB3DEB /* Pods-WeatherAppTests.debug.xcconfig */ = {isa = PBXFileReference; includeInIndex = 1; lastKnownFileType = text.xcconfig; name = "Pods-WeatherAppTests.debug.xcconfig"; path = "Pods/Target Support Files/Pods-WeatherAppTests/Pods-WeatherAppTests.debug.xcconfig"; sourceTree = "<group>"; };
/* End PBXFileReference section */

/* Begin PBXFrameworksBuildPhase section */
		D7FE24E6202EDBC300E337A6 /* Frameworks */ = {
			isa = PBXFrameworksBuildPhase;
			buildActionMask = 2147483647;
			files = (
				41B4E6CDA25728D7FD2C5896 /* libPods-WeatherApp.a in Frameworks */,
			);
			runOnlyForDeploymentPostprocessing = 0;
		};
		D7FE24FE202EDBC400E337A6 /* Frameworks */ = {
			isa = PBXFrameworksBuildPhase;
			buildActionMask = 2147483647;
			files = (
				EAE59BC1BD73A489FFE228FA /* libPods-WeatherAppTests.a in Frameworks */,
			);
			runOnlyForDeploymentPostprocessing = 0;
		};
		D7FE2509202EDBC400E337A6 /* Frameworks */ = {
			isa = PBXFrameworksBuildPhase;
			buildActionMask = 2147483647;
			files = (
				4CD7FF9E5834847C06EB05CD /* libPods-WeatherAppUITests.a in Frameworks */,
			);
			runOnlyForDeploymentPostprocessing = 0;
		};
/* End PBXFrameworksBuildPhase section */

/* Begin PBXGroup section */
		2F30149288A5ED48D954C0DF /* Frameworks */ = {
			isa = PBXGroup;
			children = (
				223CF43AE4A6C729E5E9B77B /* libPods-WeatherApp.a */,
				50318345D149367B5ADF2BCF /* libPods-WeatherAppTests.a */,
				7A3BB65B937A7973267D309C /* libPods-WeatherAppUITests.a */,
			);
			name = Frameworks;
			sourceTree = "<group>";
		};
		86CA0E6396A76E98040FBAB6 /* Pods */ = {
			isa = PBXGroup;
			children = (
				0CA4E10B854E8F7D15765DDE /* Pods-WeatherApp.debug.xcconfig */,
				4EE72E3933B8B53566D5D585 /* Pods-WeatherApp.release.xcconfig */,
				F404BBC23FAA82641CCB3DEB /* Pods-WeatherAppTests.debug.xcconfig */,
				733BCE33F5445A04CAD1739B /* Pods-WeatherAppTests.release.xcconfig */,
				6710B5541D59E9D29A342CCC /* Pods-WeatherAppUITests.debug.xcconfig */,
				618079E24BA874D5BE682A0A /* Pods-WeatherAppUITests.release.xcconfig */,
			);
			name = Pods;
			sourceTree = "<group>";
		};
		D76118DD202FDCF200345462 /* Views */ = {
			isa = PBXGroup;
			children = (
				D76118E1202FDD6500345462 /* WeatherTableViewCell.h */,
				D76118E2202FDD6500345462 /* WeatherTableViewCell.m */,
			);
			path = Views;
			sourceTree = "<group>";
		};
		D76118E42030764D00345462 /* Helper Classes */ = {
			isa = PBXGroup;
			children = (
				D76118E52030767E00345462 /* ImageDownloader.h */,
				D76118E62030767E00345462 /* ImageDownloader.m */,
			);
			path = "Helper Classes";
			sourceTree = "<group>";
		};
		D7FE24E0202EDBC300E337A6 = {
			isa = PBXGroup;
			children = (
				D7FE24EB202EDBC300E337A6 /* WeatherApp */,
				D7FE2504202EDBC400E337A6 /* WeatherAppTests */,
				D7FE250F202EDBC400E337A6 /* WeatherAppUITests */,
				D7FE24EA202EDBC300E337A6 /* Products */,
				86CA0E6396A76E98040FBAB6 /* Pods */,
				2F30149288A5ED48D954C0DF /* Frameworks */,
			);
			sourceTree = "<group>";
		};
		D7FE24EA202EDBC300E337A6 /* Products */ = {
			isa = PBXGroup;
			children = (
				D7FE24E9202EDBC300E337A6 /* WeatherApp.app */,
				D7FE2501202EDBC400E337A6 /* WeatherAppTests.xctest */,
				D7FE250C202EDBC400E337A6 /* WeatherAppUITests.xctest */,
			);
			name = Products;
			sourceTree = "<group>";
		};
		D7FE24EB202EDBC300E337A6 /* WeatherApp */ = {
			isa = PBXGroup;
			children = (
				D7FE24EC202EDBC300E337A6 /* AppDelegate.h */,
				D7FE24ED202EDBC300E337A6 /* AppDelegate.m */,
				D7FE2527202F296300E337A6 /* API Layer */,
				D7FE2520202EDDE800E337A6 /* Models */,
				D7FE251F202EDDD700E337A6 /* Coordinators */,
				D7FE251E202EDDC500E337A6 /* ViewControllers */,
				D76118DD202FDCF200345462 /* Views */,
				D76118E42030764D00345462 /* Helper Classes */,
				D7FE24F2202EDBC400E337A6 /* Main.storyboard */,
				D7FE24F5202EDBC400E337A6 /* Assets.xcassets */,
				D7FE24F7202EDBC400E337A6 /* LaunchScreen.storyboard */,
				D7FE24FA202EDBC400E337A6 /* Info.plist */,
				D7FE24FB202EDBC400E337A6 /* main.m */,
			);
			path = WeatherApp;
			sourceTree = "<group>";
		};
		D7FE2504202EDBC400E337A6 /* WeatherAppTests */ = {
			isa = PBXGroup;
			children = (
				D7FE2505202EDBC400E337A6 /* WeatherAppTests.m */,
				D7FE2507202EDBC400E337A6 /* Info.plist */,
			);
			path = WeatherAppTests;
			sourceTree = "<group>";
		};
		D7FE250F202EDBC400E337A6 /* WeatherAppUITests */ = {
			isa = PBXGroup;
			children = (
				D7FE2510202EDBC400E337A6 /* WeatherAppUITests.m */,
				D7FE2512202EDBC400E337A6 /* Info.plist */,
			);
			path = WeatherAppUITests;
			sourceTree = "<group>";
		};
		D7FE251E202EDDC500E337A6 /* ViewControllers */ = {
			isa = PBXGroup;
			children = (
				D7FE24EF202EDBC400E337A6 /* WeatherViewController.h */,
				D7FE24F0202EDBC400E337A6 /* WeatherViewController.m */,
			);
			path = ViewControllers;
			sourceTree = "<group>";
		};
		D7FE251F202EDDD700E337A6 /* Coordinators */ = {
			isa = PBXGroup;
			children = (
				D76118D7202F36C700345462 /* AppCoordinator.h */,
				D76118D8202F36C700345462 /* AppCoordinator.m */,
				D76118DA202F36F900345462 /* WeatherCoordinator.h */,
				D76118DB202F36F900345462 /* WeatherCoordinator.m */,
			);
			path = Coordinators;
			sourceTree = "<group>";
		};
		D7FE2520202EDDE800E337A6 /* Models */ = {
			isa = PBXGroup;
			children = (
				D7FE2524202EDE5E00E337A6 /* WeatherModel.h */,
				D7FE2525202EDE5E00E337A6 /* WeatherModel.m */,
			);
			path = Models;
			sourceTree = "<group>";
		};
		D7FE2527202F296300E337A6 /* API Layer */ = {
			isa = PBXGroup;
			children = (
				D7FE2528202F299D00E337A6 /* APIProcessor.h */,
				D7FE2529202F299D00E337A6 /* APIProcessor.m */,
			);
			path = "API Layer";
			sourceTree = "<group>";
		};
/* End PBXGroup section */

/* Begin PBXNativeTarget section */
		D7FE24E8202EDBC300E337A6 /* WeatherApp */ = {
			isa = PBXNativeTarget;
			buildConfigurationList = D7FE2515202EDBC400E337A6 /* Build configuration list for PBXNativeTarget "WeatherApp" */;
			buildPhases = (
				F199F5994C20E2CE27ADA077 /* [CP] Check Pods Manifest.lock */,
				D7FE24E5202EDBC300E337A6 /* Sources */,
				D7FE24E6202EDBC300E337A6 /* Frameworks */,
				D7FE24E7202EDBC300E337A6 /* Resources */,
				D8F6AB094CD35C7287C5357B /* [CP] Embed Pods Frameworks */,
				B2A3EBA98DFCDF6D19A11515 /* [CP] Copy Pods Resources */,
			);
			buildRules = (
			);
			dependencies = (
			);
			name = WeatherApp;
			productName = WeatherApp;
			productReference = D7FE24E9202EDBC300E337A6 /* WeatherApp.app */;
			productType = "com.apple.product-type.application";
		};
		D7FE2500202EDBC400E337A6 /* WeatherAppTests */ = {
			isa = PBXNativeTarget;
			buildConfigurationList = D7FE2518202EDBC400E337A6 /* Build configuration list for PBXNativeTarget "WeatherAppTests" */;
			buildPhases = (
				F710EDDD82B37DD11041C67C /* [CP] Check Pods Manifest.lock */,
				D7FE24FD202EDBC400E337A6 /* Sources */,
				D7FE24FE202EDBC400E337A6 /* Frameworks */,
				D7FE24FF202EDBC400E337A6 /* Resources */,
				07668204C6C404D78435BA08 /* [CP] Embed Pods Frameworks */,
				67FB86B9BDBA86D492F31907 /* [CP] Copy Pods Resources */,
			);
			buildRules = (
			);
			dependencies = (
				D7FE2503202EDBC400E337A6 /* PBXTargetDependency */,
			);
			name = WeatherAppTests;
			productName = WeatherAppTests;
			productReference = D7FE2501202EDBC400E337A6 /* WeatherAppTests.xctest */;
			productType = "com.apple.product-type.bundle.unit-test";
		};
		D7FE250B202EDBC400E337A6 /* WeatherAppUITests */ = {
			isa = PBXNativeTarget;
			buildConfigurationList = D7FE251B202EDBC400E337A6 /* Build configuration list for PBXNativeTarget "WeatherAppUITests" */;
			buildPhases = (
				688187487D5C3A9CE02274C0 /* [CP] Check Pods Manifest.lock */,
				D7FE2508202EDBC400E337A6 /* Sources */,
				D7FE2509202EDBC400E337A6 /* Frameworks */,
				D7FE250A202EDBC400E337A6 /* Resources */,
				0838936D39030C90E8D36138 /* [CP] Embed Pods Frameworks */,
				6A052EAADF096BC16ED1BA91 /* [CP] Copy Pods Resources */,
			);
			buildRules = (
			);
			dependencies = (
				D7FE250E202EDBC400E337A6 /* PBXTargetDependency */,
			);
			name = WeatherAppUITests;
			productName = WeatherAppUITests;
			productReference = D7FE250C202EDBC400E337A6 /* WeatherAppUITests.xctest */;
			productType = "com.apple.product-type.bundle.ui-testing";
		};
/* End PBXNativeTarget section */

/* Begin PBXProject section */
		D7FE24E1202EDBC300E337A6 /* Project object */ = {
			isa = PBXProject;
			attributes = {
				LastUpgradeCheck = 0920;
				ORGANIZATIONNAME = "Renu Punjabi";
				TargetAttributes = {
					D7FE24E8202EDBC300E337A6 = {
						CreatedOnToolsVersion = 9.2;
						ProvisioningStyle = Automatic;
					};
					D7FE2500202EDBC400E337A6 = {
						CreatedOnToolsVersion = 9.2;
						ProvisioningStyle = Automatic;
						TestTargetID = D7FE24E8202EDBC300E337A6;
					};
					D7FE250B202EDBC400E337A6 = {
						CreatedOnToolsVersion = 9.2;
						ProvisioningStyle = Automatic;
						TestTargetID = D7FE24E8202EDBC300E337A6;
					};
				};
			};
			buildConfigurationList = D7FE24E4202EDBC300E337A6 /* Build configuration list for PBXProject "WeatherApp" */;
			compatibilityVersion = "Xcode 8.0";
			developmentRegion = en;
			hasScannedForEncodings = 0;
			knownRegions = (
				en,
				Base,
			);
			mainGroup = D7FE24E0202EDBC300E337A6;
			productRefGroup = D7FE24EA202EDBC300E337A6 /* Products */;
			projectDirPath = "";
			projectRoot = "";
			targets = (
				D7FE24E8202EDBC300E337A6 /* WeatherApp */,
				D7FE2500202EDBC400E337A6 /* WeatherAppTests */,
				D7FE250B202EDBC400E337A6 /* WeatherAppUITests */,
			);
		};
/* End PBXProject section */

/* Begin PBXResourcesBuildPhase section */
		D7FE24E7202EDBC300E337A6 /* Resources */ = {
			isa = PBXResourcesBuildPhase;
			buildActionMask = 2147483647;
			files = (
				D7FE24F9202EDBC400E337A6 /* LaunchScreen.storyboard in Resources */,
				D7FE24F6202EDBC400E337A6 /* Assets.xcassets in Resources */,
				D7FE24F4202EDBC400E337A6 /* Main.storyboard in Resources */,
			);
			runOnlyForDeploymentPostprocessing = 0;
		};
		D7FE24FF202EDBC400E337A6 /* Resources */ = {
			isa = PBXResourcesBuildPhase;
			buildActionMask = 2147483647;
			files = (
			);
			runOnlyForDeploymentPostprocessing = 0;
		};
		D7FE250A202EDBC400E337A6 /* Resources */ = {
			isa = PBXResourcesBuildPhase;
			buildActionMask = 2147483647;
			files = (
			);
			runOnlyForDeploymentPostprocessing = 0;
		};
/* End PBXResourcesBuildPhase section */

/* Begin PBXShellScriptBuildPhase section */
		07668204C6C404D78435BA08 /* [CP] Embed Pods Frameworks */ = {
			isa = PBXShellScriptBuildPhase;
			buildActionMask = 2147483647;
			files = (
			);
			inputPaths = (
			);
			name = "[CP] Embed Pods Frameworks";
			outputPaths = (
			);
			runOnlyForDeploymentPostprocessing = 0;
			shellPath = /bin/sh;
			shellScript = "\"${SRCROOT}/Pods/Target Support Files/Pods-WeatherAppTests/Pods-WeatherAppTests-frameworks.sh\"\n";
			showEnvVarsInLog = 0;
		};
		0838936D39030C90E8D36138 /* [CP] Embed Pods Frameworks */ = {
			isa = PBXShellScriptBuildPhase;
			buildActionMask = 2147483647;
			files = (
			);
			inputPaths = (
			);
			name = "[CP] Embed Pods Frameworks";
			outputPaths = (
			);
			runOnlyForDeploymentPostprocessing = 0;
			shellPath = /bin/sh;
			shellScript = "\"${SRCROOT}/Pods/Target Support Files/Pods-WeatherAppUITests/Pods-WeatherAppUITests-frameworks.sh\"\n";
			showEnvVarsInLog = 0;
		};
		67FB86B9BDBA86D492F31907 /* [CP] Copy Pods Resources */ = {
			isa = PBXShellScriptBuildPhase;
			buildActionMask = 2147483647;
			files = (
			);
			inputPaths = (
			);
			name = "[CP] Copy Pods Resources";
			outputPaths = (
			);
			runOnlyForDeploymentPostprocessing = 0;
			shellPath = /bin/sh;
			shellScript = "\"${SRCROOT}/Pods/Target Support Files/Pods-WeatherAppTests/Pods-WeatherAppTests-resources.sh\"\n";
			showEnvVarsInLog = 0;
		};
		688187487D5C3A9CE02274C0 /* [CP] Check Pods Manifest.lock */ = {
			isa = PBXShellScriptBuildPhase;
			buildActionMask = 2147483647;
			files = (
			);
			inputPaths = (
				"${PODS_PODFILE_DIR_PATH}/Podfile.lock",
				"${PODS_ROOT}/Manifest.lock",
			);
			name = "[CP] Check Pods Manifest.lock";
			outputPaths = (
				"$(DERIVED_FILE_DIR)/Pods-WeatherAppUITests-checkManifestLockResult.txt",
			);
			runOnlyForDeploymentPostprocessing = 0;
			shellPath = /bin/sh;
			shellScript = "diff \"${PODS_PODFILE_DIR_PATH}/Podfile.lock\" \"${PODS_ROOT}/Manifest.lock\" > /dev/null\nif [ $? != 0 ] ; then\n    # print error to STDERR\n    echo \"error: The sandbox is not in sync with the Podfile.lock. Run 'pod install' or update your CocoaPods installation.\" >&2\n    exit 1\nfi\n# This output is used by Xcode 'outputs' to avoid re-running this script phase.\necho \"SUCCESS\" > \"${SCRIPT_OUTPUT_FILE_0}\"\n";
			showEnvVarsInLog = 0;
		};
		6A052EAADF096BC16ED1BA91 /* [CP] Copy Pods Resources */ = {
			isa = PBXShellScriptBuildPhase;
			buildActionMask = 2147483647;
			files = (
			);
			inputPaths = (
			);
			name = "[CP] Copy Pods Resources";
			outputPaths = (
			);
			runOnlyForDeploymentPostprocessing = 0;
			shellPath = /bin/sh;
			shellScript = "\"${SRCROOT}/Pods/Target Support Files/Pods-WeatherAppUITests/Pods-WeatherAppUITests-resources.sh\"\n";
			showEnvVarsInLog = 0;
		};
		B2A3EBA98DFCDF6D19A11515 /* [CP] Copy Pods Resources */ = {
			isa = PBXShellScriptBuildPhase;
			buildActionMask = 2147483647;
			files = (
			);
			inputPaths = (
			);
			name = "[CP] Copy Pods Resources";
			outputPaths = (
			);
			runOnlyForDeploymentPostprocessing = 0;
			shellPath = /bin/sh;
			shellScript = "\"${SRCROOT}/Pods/Target Support Files/Pods-WeatherApp/Pods-WeatherApp-resources.sh\"\n";
			showEnvVarsInLog = 0;
		};
		D8F6AB094CD35C7287C5357B /* [CP] Embed Pods Frameworks */ = {
			isa = PBXShellScriptBuildPhase;
			buildActionMask = 2147483647;
			files = (
			);
			inputPaths = (
			);
			name = "[CP] Embed Pods Frameworks";
			outputPaths = (
			);
			runOnlyForDeploymentPostprocessing = 0;
			shellPath = /bin/sh;
			shellScript = "\"${SRCROOT}/Pods/Target Support Files/Pods-WeatherApp/Pods-WeatherApp-frameworks.sh\"\n";
			showEnvVarsInLog = 0;
		};
		F199F5994C20E2CE27ADA077 /* [CP] Check Pods Manifest.lock */ = {
			isa = PBXShellScriptBuildPhase;
			buildActionMask = 2147483647;
			files = (
			);
			inputPaths = (
				"${PODS_PODFILE_DIR_PATH}/Podfile.lock",
				"${PODS_ROOT}/Manifest.lock",
			);
			name = "[CP] Check Pods Manifest.lock";
			outputPaths = (
				"$(DERIVED_FILE_DIR)/Pods-WeatherApp-checkManifestLockResult.txt",
			);
			runOnlyForDeploymentPostprocessing = 0;
			shellPath = /bin/sh;
			shellScript = "diff \"${PODS_PODFILE_DIR_PATH}/Podfile.lock\" \"${PODS_ROOT}/Manifest.lock\" > /dev/null\nif [ $? != 0 ] ; then\n    # print error to STDERR\n    echo \"error: The sandbox is not in sync with the Podfile.lock. Run 'pod install' or update your CocoaPods installation.\" >&2\n    exit 1\nfi\n# This output is used by Xcode 'outputs' to avoid re-running this script phase.\necho \"SUCCESS\" > \"${SCRIPT_OUTPUT_FILE_0}\"\n";
			showEnvVarsInLog = 0;
		};
		F710EDDD82B37DD11041C67C /* [CP] Check Pods Manifest.lock */ = {
			isa = PBXShellScriptBuildPhase;
			buildActionMask = 2147483647;
			files = (
			);
			inputPaths = (
				"${PODS_PODFILE_DIR_PATH}/Podfile.lock",
				"${PODS_ROOT}/Manifest.lock",
			);
			name = "[CP] Check Pods Manifest.lock";
			outputPaths = (
				"$(DERIVED_FILE_DIR)/Pods-WeatherAppTests-checkManifestLockResult.txt",
			);
			runOnlyForDeploymentPostprocessing = 0;
			shellPath = /bin/sh;
			shellScript = "diff \"${PODS_PODFILE_DIR_PATH}/Podfile.lock\" \"${PODS_ROOT}/Manifest.lock\" > /dev/null\nif [ $? != 0 ] ; then\n    # print error to STDERR\n    echo \"error: The sandbox is not in sync with the Podfile.lock. Run 'pod install' or update your CocoaPods installation.\" >&2\n    exit 1\nfi\n# This output is used by Xcode 'outputs' to avoid re-running this script phase.\necho \"SUCCESS\" > \"${SCRIPT_OUTPUT_FILE_0}\"\n";
			showEnvVarsInLog = 0;
		};
/* End PBXShellScriptBuildPhase section */

/* Begin PBXSourcesBuildPhase section */
		D7FE24E5202EDBC300E337A6 /* Sources */ = {
			isa = PBXSourcesBuildPhase;
			buildActionMask = 2147483647;
			files = (
				D7FE24F1202EDBC400E337A6 /* WeatherViewController.m in Sources */,
				D76118D9202F36C700345462 /* AppCoordinator.m in Sources */,
				D7FE2526202EDE5E00E337A6 /* WeatherModel.m in Sources */,
				D76118E72030767E00345462 /* ImageDownloader.m in Sources */,
				D7FE24FC202EDBC400E337A6 /* main.m in Sources */,
				D76118E3202FDD6500345462 /* WeatherTableViewCell.m in Sources */,
				D76118DC202F36F900345462 /* WeatherCoordinator.m in Sources */,
				D7FE24EE202EDBC400E337A6 /* AppDelegate.m in Sources */,
				D7FE252A202F299D00E337A6 /* APIProcessor.m in Sources */,
			);
			runOnlyForDeploymentPostprocessing = 0;
		};
		D7FE24FD202EDBC400E337A6 /* Sources */ = {
			isa = PBXSourcesBuildPhase;
			buildActionMask = 2147483647;
			files = (
				D7FE2506202EDBC400E337A6 /* WeatherAppTests.m in Sources */,
			);
			runOnlyForDeploymentPostprocessing = 0;
		};
		D7FE2508202EDBC400E337A6 /* Sources */ = {
			isa = PBXSourcesBuildPhase;
			buildActionMask = 2147483647;
			files = (
				D7FE2511202EDBC400E337A6 /* WeatherAppUITests.m in Sources */,
			);
			runOnlyForDeploymentPostprocessing = 0;
		};
/* End PBXSourcesBuildPhase section */

/* Begin PBXTargetDependency section */
		D7FE2503202EDBC400E337A6 /* PBXTargetDependency */ = {
			isa = PBXTargetDependency;
			target = D7FE24E8202EDBC300E337A6 /* WeatherApp */;
			targetProxy = D7FE2502202EDBC400E337A6 /* PBXContainerItemProxy */;
		};
		D7FE250E202EDBC400E337A6 /* PBXTargetDependency */ = {
			isa = PBXTargetDependency;
			target = D7FE24E8202EDBC300E337A6 /* WeatherApp */;
			targetProxy = D7FE250D202EDBC400E337A6 /* PBXContainerItemProxy */;
		};
/* End PBXTargetDependency section */

/* Begin PBXVariantGroup section */
		D7FE24F2202EDBC400E337A6 /* Main.storyboard */ = {
			isa = PBXVariantGroup;
			children = (
				D7FE24F3202EDBC400E337A6 /* Base */,
			);
			name = Main.storyboard;
			sourceTree = "<group>";
		};
		D7FE24F7202EDBC400E337A6 /* LaunchScreen.storyboard */ = {
			isa = PBXVariantGroup;
			children = (
				D7FE24F8202EDBC400E337A6 /* Base */,
			);
			name = LaunchScreen.storyboard;
			sourceTree = "<group>";
		};
/* End PBXVariantGroup section */

/* Begin XCBuildConfiguration section */
		D7FE2513202EDBC400E337A6 /* Debug */ = {
			isa = XCBuildConfiguration;
			buildSettings = {
				ALWAYS_SEARCH_USER_PATHS = NO;
				CLANG_ANALYZER_NONNULL = YES;
				CLANG_ANALYZER_NUMBER_OBJECT_CONVERSION = YES_AGGRESSIVE;
				CLANG_CXX_LANGUAGE_STANDARD = "gnu++14";
				CLANG_CXX_LIBRARY = "libc++";
				CLANG_ENABLE_MODULES = YES;
				CLANG_ENABLE_OBJC_ARC = YES;
				CLANG_WARN_BLOCK_CAPTURE_AUTORELEASING = YES;
				CLANG_WARN_BOOL_CONVERSION = YES;
				CLANG_WARN_COMMA = YES;
				CLANG_WARN_CONSTANT_CONVERSION = YES;
				CLANG_WARN_DIRECT_OBJC_ISA_USAGE = YES_ERROR;
				CLANG_WARN_DOCUMENTATION_COMMENTS = YES;
				CLANG_WARN_EMPTY_BODY = YES;
				CLANG_WARN_ENUM_CONVERSION = YES;
				CLANG_WARN_INFINITE_RECURSION = YES;
				CLANG_WARN_INT_CONVERSION = YES;
				CLANG_WARN_NON_LITERAL_NULL_CONVERSION = YES;
				CLANG_WARN_OBJC_LITERAL_CONVERSION = YES;
				CLANG_WARN_OBJC_ROOT_CLASS = YES_ERROR;
				CLANG_WARN_RANGE_LOOP_ANALYSIS = YES;
				CLANG_WARN_STRICT_PROTOTYPES = YES;
				CLANG_WARN_SUSPICIOUS_MOVE = YES;
				CLANG_WARN_UNGUARDED_AVAILABILITY = YES_AGGRESSIVE;
				CLANG_WARN_UNREACHABLE_CODE = YES;
				CLANG_WARN__DUPLICATE_METHOD_MATCH = YES;
				CODE_SIGN_IDENTITY = "iPhone Developer";
				COPY_PHASE_STRIP = NO;
				DEBUG_INFORMATION_FORMAT = dwarf;
				ENABLE_STRICT_OBJC_MSGSEND = YES;
				ENABLE_TESTABILITY = YES;
				GCC_C_LANGUAGE_STANDARD = gnu11;
				GCC_DYNAMIC_NO_PIC = NO;
				GCC_NO_COMMON_BLOCKS = YES;
				GCC_OPTIMIZATION_LEVEL = 0;
				GCC_PREPROCESSOR_DEFINITIONS = (
					"DEBUG=1",
					"$(inherited)",
				);
				GCC_WARN_64_TO_32_BIT_CONVERSION = YES;
				GCC_WARN_ABOUT_RETURN_TYPE = YES_ERROR;
				GCC_WARN_UNDECLARED_SELECTOR = YES;
				GCC_WARN_UNINITIALIZED_AUTOS = YES_AGGRESSIVE;
				GCC_WARN_UNUSED_FUNCTION = YES;
				GCC_WARN_UNUSED_VARIABLE = YES;
				IPHONEOS_DEPLOYMENT_TARGET = 11.2;
				MTL_ENABLE_DEBUG_INFO = YES;
				ONLY_ACTIVE_ARCH = YES;
				SDKROOT = iphoneos;
			};
			name = Debug;
		};
		D7FE2514202EDBC400E337A6 /* Release */ = {
			isa = XCBuildConfiguration;
			buildSettings = {
				ALWAYS_SEARCH_USER_PATHS = NO;
				CLANG_ANALYZER_NONNULL = YES;
				CLANG_ANALYZER_NUMBER_OBJECT_CONVERSION = YES_AGGRESSIVE;
				CLANG_CXX_LANGUAGE_STANDARD = "gnu++14";
				CLANG_CXX_LIBRARY = "libc++";
				CLANG_ENABLE_MODULES = YES;
				CLANG_ENABLE_OBJC_ARC = YES;
				CLANG_WARN_BLOCK_CAPTURE_AUTORELEASING = YES;
				CLANG_WARN_BOOL_CONVERSION = YES;
				CLANG_WARN_COMMA = YES;
				CLANG_WARN_CONSTANT_CONVERSION = YES;
				CLANG_WARN_DIRECT_OBJC_ISA_USAGE = YES_ERROR;
				CLANG_WARN_DOCUMENTATION_COMMENTS = YES;
				CLANG_WARN_EMPTY_BODY = YES;
				CLANG_WARN_ENUM_CONVERSION = YES;
				CLANG_WARN_INFINITE_RECURSION = YES;
				CLANG_WARN_INT_CONVERSION = YES;
				CLANG_WARN_NON_LITERAL_NULL_CONVERSION = YES;
				CLANG_WARN_OBJC_LITERAL_CONVERSION = YES;
				CLANG_WARN_OBJC_ROOT_CLASS = YES_ERROR;
				CLANG_WARN_RANGE_LOOP_ANALYSIS = YES;
				CLANG_WARN_STRICT_PROTOTYPES = YES;
				CLANG_WARN_SUSPICIOUS_MOVE = YES;
				CLANG_WARN_UNGUARDED_AVAILABILITY = YES_AGGRESSIVE;
				CLANG_WARN_UNREACHABLE_CODE = YES;
				CLANG_WARN__DUPLICATE_METHOD_MATCH = YES;
				CODE_SIGN_IDENTITY = "iPhone Developer";
				COPY_PHASE_STRIP = NO;
				DEBUG_INFORMATION_FORMAT = "dwarf-with-dsym";
				ENABLE_NS_ASSERTIONS = NO;
				ENABLE_STRICT_OBJC_MSGSEND = YES;
				GCC_C_LANGUAGE_STANDARD = gnu11;
				GCC_NO_COMMON_BLOCKS = YES;
				GCC_WARN_64_TO_32_BIT_CONVERSION = YES;
				GCC_WARN_ABOUT_RETURN_TYPE = YES_ERROR;
				GCC_WARN_UNDECLARED_SELECTOR = YES;
				GCC_WARN_UNINITIALIZED_AUTOS = YES_AGGRESSIVE;
				GCC_WARN_UNUSED_FUNCTION = YES;
				GCC_WARN_UNUSED_VARIABLE = YES;
				IPHONEOS_DEPLOYMENT_TARGET = 11.2;
				MTL_ENABLE_DEBUG_INFO = NO;
				SDKROOT = iphoneos;
				VALIDATE_PRODUCT = YES;
			};
			name = Release;
		};
		D7FE2516202EDBC400E337A6 /* Debug */ = {
			isa = XCBuildConfiguration;
			baseConfigurationReference = 0CA4E10B854E8F7D15765DDE /* Pods-WeatherApp.debug.xcconfig */;
			buildSettings = {
				ASSETCATALOG_COMPILER_APPICON_NAME = AppIcon;
				CODE_SIGN_STYLE = Automatic;
				DEVELOPMENT_TEAM = F9SPFQ3WCK;
				INFOPLIST_FILE = WeatherApp/Info.plist;
				IPHONEOS_DEPLOYMENT_TARGET = 9.0;
				LD_RUNPATH_SEARCH_PATHS = "$(inherited) @executable_path/Frameworks";
				PRODUCT_BUNDLE_IDENTIFIER = com.cocoateam.WeatherApp;
				PRODUCT_NAME = "$(TARGET_NAME)";
				TARGETED_DEVICE_FAMILY = "1,2";
			};
			name = Debug;
		};
		D7FE2517202EDBC400E337A6 /* Release */ = {
			isa = XCBuildConfiguration;
			baseConfigurationReference = 4EE72E3933B8B53566D5D585 /* Pods-WeatherApp.release.xcconfig */;
			buildSettings = {
				ASSETCATALOG_COMPILER_APPICON_NAME = AppIcon;
				CODE_SIGN_STYLE = Automatic;
				DEVELOPMENT_TEAM = F9SPFQ3WCK;
				INFOPLIST_FILE = WeatherApp/Info.plist;
				IPHONEOS_DEPLOYMENT_TARGET = 9.0;
				LD_RUNPATH_SEARCH_PATHS = "$(inherited) @executable_path/Frameworks";
				PRODUCT_BUNDLE_IDENTIFIER = com.cocoateam.WeatherApp;
				PRODUCT_NAME = "$(TARGET_NAME)";
				TARGETED_DEVICE_FAMILY = "1,2";
			};
			name = Release;
		};
		D7FE2519202EDBC400E337A6 /* Debug */ = {
			isa = XCBuildConfiguration;
			baseConfigurationReference = F404BBC23FAA82641CCB3DEB /* Pods-WeatherAppTests.debug.xcconfig */;
			buildSettings = {
				BUNDLE_LOADER = "$(TEST_HOST)";
				CODE_SIGN_STYLE = Automatic;
				DEVELOPMENT_TEAM = F9SPFQ3WCK;
				INFOPLIST_FILE = WeatherAppTests/Info.plist;
				LD_RUNPATH_SEARCH_PATHS = "$(inherited) @executable_path/Frameworks @loader_path/Frameworks";
				PRODUCT_BUNDLE_IDENTIFIER = com.cocoateam.WeatherAppTests;
				PRODUCT_NAME = "$(TARGET_NAME)";
				TARGETED_DEVICE_FAMILY = "1,2";
				TEST_HOST = "$(BUILT_PRODUCTS_DIR)/WeatherApp.app/WeatherApp";
			};
			name = Debug;
		};
		D7FE251A202EDBC400E337A6 /* Release */ = {
			isa = XCBuildConfiguration;
			baseConfigurationReference = 733BCE33F5445A04CAD1739B /* Pods-WeatherAppTests.release.xcconfig */;
			buildSettings = {
				BUNDLE_LOADER = "$(TEST_HOST)";
				CODE_SIGN_STYLE = Automatic;
				DEVELOPMENT_TEAM = F9SPFQ3WCK;
				INFOPLIST_FILE = WeatherAppTests/Info.plist;
				LD_RUNPATH_SEARCH_PATHS = "$(inherited) @executable_path/Frameworks @loader_path/Frameworks";
				PRODUCT_BUNDLE_IDENTIFIER = com.cocoateam.WeatherAppTests;
				PRODUCT_NAME = "$(TARGET_NAME)";
				TARGETED_DEVICE_FAMILY = "1,2";
				TEST_HOST = "$(BUILT_PRODUCTS_DIR)/WeatherApp.app/WeatherApp";
			};
			name = Release;
		};
		D7FE251C202EDBC400E337A6 /* Debug */ = {
			isa = XCBuildConfiguration;
			baseConfigurationReference = 6710B5541D59E9D29A342CCC /* Pods-WeatherAppUITests.debug.xcconfig */;
			buildSettings = {
				CODE_SIGN_STYLE = Automatic;
				DEVELOPMENT_TEAM = F9SPFQ3WCK;
				INFOPLIST_FILE = WeatherAppUITests/Info.plist;
				LD_RUNPATH_SEARCH_PATHS = "$(inherited) @executable_path/Frameworks @loader_path/Frameworks";
				PRODUCT_BUNDLE_IDENTIFIER = com.cocoateam.WeatherAppUITests;
				PRODUCT_NAME = "$(TARGET_NAME)";
				TARGETED_DEVICE_FAMILY = "1,2";
				TEST_TARGET_NAME = WeatherApp;
			};
			name = Debug;
		};
		D7FE251D202EDBC400E337A6 /* Release */ = {
			isa = XCBuildConfiguration;
			baseConfigurationReference = 618079E24BA874D5BE682A0A /* Pods-WeatherAppUITests.release.xcconfig */;
			buildSettings = {
				CODE_SIGN_STYLE = Automatic;
				DEVELOPMENT_TEAM = F9SPFQ3WCK;
				INFOPLIST_FILE = WeatherAppUITests/Info.plist;
				LD_RUNPATH_SEARCH_PATHS = "$(inherited) @executable_path/Frameworks @loader_path/Frameworks";
				PRODUCT_BUNDLE_IDENTIFIER = com.cocoateam.WeatherAppUITests;
				PRODUCT_NAME = "$(TARGET_NAME)";
				TARGETED_DEVICE_FAMILY = "1,2";
				TEST_TARGET_NAME = WeatherApp;
			};
			name = Release;
		};
/* End XCBuildConfiguration section */

/* Begin XCConfigurationList section */
		D7FE24E4202EDBC300E337A6 /* Build configuration list for PBXProject "WeatherApp" */ = {
			isa = XCConfigurationList;
			buildConfigurations = (
				D7FE2513202EDBC400E337A6 /* Debug */,
				D7FE2514202EDBC400E337A6 /* Release */,
			);
			defaultConfigurationIsVisible = 0;
			defaultConfigurationName = Release;
		};
		D7FE2515202EDBC400E337A6 /* Build configuration list for PBXNativeTarget "WeatherApp" */ = {
			isa = XCConfigurationList;
			buildConfigurations = (
				D7FE2516202EDBC400E337A6 /* Debug */,
				D7FE2517202EDBC400E337A6 /* Release */,
			);
			defaultConfigurationIsVisible = 0;
			defaultConfigurationName = Release;
		};
		D7FE2518202EDBC400E337A6 /* Build configuration list for PBXNativeTarget "WeatherAppTests" */ = {
			isa = XCConfigurationList;
			buildConfigurations = (
				D7FE2519202EDBC400E337A6 /* Debug */,
				D7FE251A202EDBC400E337A6 /* Release */,
			);
			defaultConfigurationIsVisible = 0;
			defaultConfigurationName = Release;
		};
		D7FE251B202EDBC400E337A6 /* Build configuration list for PBXNativeTarget "WeatherAppUITests" */ = {
			isa = XCConfigurationList;
			buildConfigurations = (
				D7FE251C202EDBC400E337A6 /* Debug */,
				D7FE251D202EDBC400E337A6 /* Release */,
			);
			defaultConfigurationIsVisible = 0;
			defaultConfigurationName = Release;
		};
/* End XCConfigurationList section */
	};
	rootObject = D7FE24E1202EDBC300E337A6 /* Project object */;
}
